
Microsoft Visual Studio Solution File, Format Version 12.00
# Visual Studio Version 16
VisualStudioVersion = 16.0.32126.315
MinimumVisualStudioVersion = 10.0.40219.1
Project("{9A19103F-16F7-4668-BE54-9A1E7A4F7556}") = "KampIntro", "KampIntro\KampIntro.csproj", "{580B29C7-3E0B-4A00-A78A-5366DD4CA048}"
EndProject
Project("{9A19103F-16F7-4668-BE54-9A1E7A4F7556}") = "Donguler", "Donguler\Donguler.csproj", "{A3FEE9BF-E47F-407F-A07A-4605032EC886}"
EndProject
Project("{9A19103F-16F7-4668-BE54-9A1E7A4F7556}") = "ClassIntro", "ClassIntro\ClassIntro.csproj", "{34FDE579-C422-40DD-B882-FE82BD2DAA98}"
EndProject
Project("{9A19103F-16F7-4668-BE54-9A1E7A4F7556}") = "Metotlar", "Metotlar\Metotlar.csproj", "{1011D7D3-8B29-4A90-8F67-8C0280115032}"
EndProject
Project("{FAE04EC0-301F-11D3-BF4B-00C04F79EFBC}") = "Matematik", "Matemarik\Matematik.csproj", "{C62F5460-57CD-41F4-A362-0A13177868A1}"
EndProject
Project("{FAE04EC0-301F-11D3-BF4B-00C04F79EFBC}") = "DegerVeReferansTipler", "DegerVeReferansTipler\DegerVeReferansTipler.csproj", "{A3EC7CFF-1670-46E4-AE26-2D970075DE84}"
EndProject
Global
	GlobalSection(SolutionConfigurationPlatforms) = preSolution
		Debug|Any CPU = Debug|Any CPU
		Release|Any CPU = Release|Any CPU
	EndGlobalSection
	GlobalSection(ProjectConfigurationPlatforms) = postSolution
		{580B29C7-3E0B-4A00-A78A-5366DD4CA048}.Debug|Any CPU.ActiveCfg = Debug|Any CPU
		{580B29C7-3E0B-4A00-A78A-5366DD4CA048}.Debug|Any CPU.Build.0 = Debug|Any CPU
		{580B29C7-3E0B-4A00-A78A-5366DD4CA048}.Release|Any CPU.ActiveCfg = Release|Any CPU
		{580B29C7-3E0B-4A00-A78A-5366DD4CA048}.Release|Any CPU.Build.0 = Release|Any CPU
		{A3FEE9BF-E47F-407F-A07A-4605032EC886}.Debug|Any CPU.ActiveCfg = Debug|Any CPU
		{A3FEE9BF-E47F-407F-A07A-4605032EC886}.Debug|Any CPU.Build.0 = Debug|Any CPU
		{A3FEE9BF-E47F-407F-A07A-4605032EC886}.Release|Any CPU.ActiveCfg = Release|Any CPU
		{A3FEE9BF-E47F-407F-A07A-4605032EC886}.Release|Any CPU.Build.0 = Release|Any CPU
		{34FDE579-C422-40DD-B882-FE82BD2DAA98}.Debug|Any CPU.ActiveCfg = Debug|Any CPU
		{34FDE579-C422-40DD-B882-FE82BD2DAA98}.Debug|Any CPU.Build.0 = Debug|Any CPU
		{34FDE579-C422-40DD-B882-FE82BD2DAA98}.Release|Any CPU.ActiveCfg = Release|Any CPU
		{34FDE579-C422-40DD-B882-FE82BD2DAA98}.Release|Any CPU.Build.0 = Release|Any CPU
		{1011D7D3-8B29-4A90-8F67-8C0280115032}.Debug|Any CPU.ActiveCfg = Debug|Any CPU
		{1011D7D3-8B29-4A90-8F67-8C0280115032}.Debug|Any CPU.Build.0 = Debug|Any CPU
		{1011D7D3-8B29-4A90-8F67-8C0280115032}.Release|Any CPU.ActiveCfg = Release|Any CPU
		{1011D7D3-8B29-4A90-8F67-8C0280115032}.Release|Any CPU.Build.0 = Release|Any CPU
		{C62F5460-57CD-41F4-A362-0A13177868A1}.Debug|Any CPU.ActiveCfg = Debug|Any CPU
		{C62F5460-57CD-41F4-A362-0A13177868A1}.Debug|Any CPU.Build.0 = Debug|Any CPU
		{C62F5460-57CD-41F4-A362-0A13177868A1}.Release|Any CPU.ActiveCfg = Release|Any CPU
		{C62F5460-57CD-41F4-A362-0A13177868A1}.Release|Any CPU.Build.0 = Release|Any CPU
		{A3EC7CFF-1670-46E4-AE26-2D970075DE84}.Debug|Any CPU.ActiveCfg = Debug|Any CPU
		{A3EC7CFF-1670-46E4-AE26-2D970075DE84}.Debug|Any CPU.Build.0 = Debug|Any CPU
		{A3EC7CFF-1670-46E4-AE26-2D970075DE84}.Release|Any CPU.ActiveCfg = Release|Any CPU
		{A3EC7CFF-1670-46E4-AE26-2D970075DE84}.Release|Any CPU.Build.0 = Release|Any CPU
	EndGlobalSection
	GlobalSection(SolutionProperties) = preSolution
		HideSolutionNode = FALSE
	EndGlobalSection
	GlobalSection(ExtensibilityGlobals) = postSolution
		SolutionGuid = {C1287375-BED7-4B07-BF72-FCF77B316C50}
	EndGlobalSection
EndGlobal
